
Microsoft Visual Studio Solution File, Format Version 12.00
# Visual Studio Version 16
VisualStudioVersion = 16.0.31515.178
MinimumVisualStudioVersion = 10.0.40219.1
Project("{8BC9CEB8-8B4A-11D0-8D11-00A0C91BC942}") = "POC", "POC\POC.vcxproj", "{D35971F6-457B-4C8D-8AC1-4AAA6932007E}"
EndProject
Global
	GlobalSection(SolutionConfigurationPlatforms) = preSolution
		Debug|x64 = Debug|x64
		Debug|x86 = Debug|x86
		Release|x64 = Release|x64
		Release|x86 = Release|x86
	EndGlobalSection
	GlobalSection(ProjectConfigurationPlatforms) = postSolution
		{D35971F6-457B-4C8D-8AC1-4AAA6932007E}.Debug|x64.ActiveCfg = Debug|x64
		{D35971F6-457B-4C8D-8AC1-4AAA6932007E}.Debug|x64.Build.0 = Debug|x64
		{D35971F6-457B-4C8D-8AC1-4AAA6932007E}.Debug|x86.ActiveCfg = Debug|Win32
		{D35971F6-457B-4C8D-8AC1-4AAA6932007E}.Debug|x86.Build.0 = Debug|Win32
		{D35971F6-457B-4C8D-8AC1-4AAA6932007E}.Release|x64.ActiveCfg = Release|x64
		{D35971F6-457B-4C8D-8AC1-4AAA6932007E}.Release|x64.Build.0 = Release|x64
		{D35971F6-457B-4C8D-8AC1-4AAA6932007E}.Release|x86.ActiveCfg = Release|Win32
		{D35971F6-457B-4C8D-8AC1-4AAA6932007E}.Release|x86.Build.0 = Release|Win32
	EndGlobalSection
	GlobalSection(SolutionProperties) = preSolution
		HideSolutionNode = FALSE
	EndGlobalSection
	GlobalSection(ExtensibilityGlobals) = postSolution
		SolutionGuid = {D039FECD-2FAD-4CCA-A1B9-172EF5784CC5}
	EndGlobalSection
EndGlobal
